
Microsoft Visual Studio Solution File, Format Version 12.00
# Visual Studio Version 17
VisualStudioVersion = 17.7.34031.279
MinimumVisualStudioVersion = 10.0.40219.1
Project("{8BC9CEB8-8B4A-11D0-8D11-00A0C91BC942}") = "Project11", "Project11.vcxproj", "{6E91E1CE-F6A7-4154-9ECF-75DA4C0F0148}"
EndProject
Global
	GlobalSection(SolutionConfigurationPlatforms) = preSolution
		Debug|x64 = Debug|x64
		Debug|x86 = Debug|x86
		Release|x64 = Release|x64
		Release|x86 = Release|x86
	EndGlobalSection
	GlobalSection(ProjectConfigurationPlatforms) = postSolution
		{6E91E1CE-F6A7-4154-9ECF-75DA4C0F0148}.Debug|x64.ActiveCfg = Debug|x64
		{6E91E1CE-F6A7-4154-9ECF-75DA4C0F0148}.Debug|x64.Build.0 = Debug|x64
		{6E91E1CE-F6A7-4154-9ECF-75DA4C0F0148}.Debug|x86.ActiveCfg = Debug|Win32
		{6E91E1CE-F6A7-4154-9ECF-75DA4C0F0148}.Debug|x86.Build.0 = Debug|Win32
		{6E91E1CE-F6A7-4154-9ECF-75DA4C0F0148}.Release|x64.ActiveCfg = Release|x64
		{6E91E1CE-F6A7-4154-9ECF-75DA4C0F0148}.Release|x64.Build.0 = Release|x64
		{6E91E1CE-F6A7-4154-9ECF-75DA4C0F0148}.Release|x86.ActiveCfg = Release|Win32
		{6E91E1CE-F6A7-4154-9ECF-75DA4C0F0148}.Release|x86.Build.0 = Release|Win32
	EndGlobalSection
	GlobalSection(SolutionProperties) = preSolution
		HideSolutionNode = FALSE
	EndGlobalSection
	GlobalSection(ExtensibilityGlobals) = postSolution
		SolutionGuid = {FB6A2F4A-E647-42CB-B275-13D43FF8CB26}
	EndGlobalSection
EndGlobal
