
Microsoft Visual Studio Solution File, Format Version 12.00
# Visual Studio Version 17
VisualStudioVersion = 17.7.34031.279
MinimumVisualStudioVersion = 10.0.40219.1
Project("{8BC9CEB8-8B4A-11D0-8D11-00A0C91BC942}") = "ExerciseOnedimensionalarray", "ExerciseOnedimensionalarray.vcxproj", "{5615AA16-8A35-4131-B938-9EB377E6EE1A}"
EndProject
Global
	GlobalSection(SolutionConfigurationPlatforms) = preSolution
		Debug|x64 = Debug|x64
		Debug|x86 = Debug|x86
		Release|x64 = Release|x64
		Release|x86 = Release|x86
	EndGlobalSection
	GlobalSection(ProjectConfigurationPlatforms) = postSolution
		{5615AA16-8A35-4131-B938-9EB377E6EE1A}.Debug|x64.ActiveCfg = Debug|x64
		{5615AA16-8A35-4131-B938-9EB377E6EE1A}.Debug|x64.Build.0 = Debug|x64
		{5615AA16-8A35-4131-B938-9EB377E6EE1A}.Debug|x86.ActiveCfg = Debug|Win32
		{5615AA16-8A35-4131-B938-9EB377E6EE1A}.Debug|x86.Build.0 = Debug|Win32
		{5615AA16-8A35-4131-B938-9EB377E6EE1A}.Release|x64.ActiveCfg = Release|x64
		{5615AA16-8A35-4131-B938-9EB377E6EE1A}.Release|x64.Build.0 = Release|x64
		{5615AA16-8A35-4131-B938-9EB377E6EE1A}.Release|x86.ActiveCfg = Release|Win32
		{5615AA16-8A35-4131-B938-9EB377E6EE1A}.Release|x86.Build.0 = Release|Win32
	EndGlobalSection
	GlobalSection(SolutionProperties) = preSolution
		HideSolutionNode = FALSE
	EndGlobalSection
	GlobalSection(ExtensibilityGlobals) = postSolution
		SolutionGuid = {F3B51800-50FA-4CC2-9B53-09CA4E91FCE1}
	EndGlobalSection
EndGlobal
